
Microsoft Visual Studio Solution File, Format Version 11.00
# Visual Studio 2010
Project("{FAE04EC0-301F-11D3-BF4B-00C04F79EFBC}") = "Assembly-CSharp", "Assembly-CSharp.csproj", "{2c383ea1-30f7-dfe3-dc0d-39ef2350ae91}"
EndProject
Project("{FAE04EC0-301F-11D3-BF4B-00C04F79EFBC}") = "RuntimeInspector.Runtime", "RuntimeInspector.Runtime.csproj", "{c294b6c2-f0b6-3515-7777-aefd3f45d3b3}"
EndProject
Project("{FAE04EC0-301F-11D3-BF4B-00C04F79EFBC}") = "PathCreator", "PathCreator.csproj", "{63c11bd5-2cbd-ec33-5760-6a247ae75abd}"
EndProject
Project("{FAE04EC0-301F-11D3-BF4B-00C04F79EFBC}") = "OEBIF", "OEBIF.csproj", "{11aa8abb-a6b1-5123-2e30-026198a0fc4f}"
EndProject
Project("{FAE04EC0-301F-11D3-BF4B-00C04F79EFBC}") = "PathCreatorEditor", "PathCreatorEditor.csproj", "{f0c5c499-f55e-4854-95bf-0102f7e0983d}"
EndProject
Project("{FAE04EC0-301F-11D3-BF4B-00C04F79EFBC}") = "Assembly-CSharp-Editor", "Assembly-CSharp-Editor.csproj", "{8067f5c3-6709-4461-2629-036fc7760394}"
EndProject
Global
	GlobalSection(SolutionConfigurationPlatforms) = preSolution
		Debug|Any CPU = Debug|Any CPU
	EndGlobalSection
	GlobalSection(ProjectConfigurationPlatforms) = postSolution
		{2c383ea1-30f7-dfe3-dc0d-39ef2350ae91}.Debug|Any CPU.ActiveCfg = Debug|Any CPU
		{2c383ea1-30f7-dfe3-dc0d-39ef2350ae91}.Debug|Any CPU.Build.0 = Debug|Any CPU
		{c294b6c2-f0b6-3515-7777-aefd3f45d3b3}.Debug|Any CPU.ActiveCfg = Debug|Any CPU
		{c294b6c2-f0b6-3515-7777-aefd3f45d3b3}.Debug|Any CPU.Build.0 = Debug|Any CPU
		{63c11bd5-2cbd-ec33-5760-6a247ae75abd}.Debug|Any CPU.ActiveCfg = Debug|Any CPU
		{63c11bd5-2cbd-ec33-5760-6a247ae75abd}.Debug|Any CPU.Build.0 = Debug|Any CPU
		{11aa8abb-a6b1-5123-2e30-026198a0fc4f}.Debug|Any CPU.ActiveCfg = Debug|Any CPU
		{11aa8abb-a6b1-5123-2e30-026198a0fc4f}.Debug|Any CPU.Build.0 = Debug|Any CPU
		{f0c5c499-f55e-4854-95bf-0102f7e0983d}.Debug|Any CPU.ActiveCfg = Debug|Any CPU
		{f0c5c499-f55e-4854-95bf-0102f7e0983d}.Debug|Any CPU.Build.0 = Debug|Any CPU
		{8067f5c3-6709-4461-2629-036fc7760394}.Debug|Any CPU.ActiveCfg = Debug|Any CPU
		{8067f5c3-6709-4461-2629-036fc7760394}.Debug|Any CPU.Build.0 = Debug|Any CPU
	EndGlobalSection
	GlobalSection(SolutionProperties) = preSolution
		HideSolutionNode = FALSE
	EndGlobalSection
EndGlobal
